
Microsoft Visual Studio Solution File, Format Version 12.00
# Visual Studio Version 17
VisualStudioVersion = 17.9.34616.47
MinimumVisualStudioVersion = 10.0.40219.1
Project("{8BC9CEB8-8B4A-11D0-8D11-00A0C91BC942}") = "August27_2024_COSC1436", "August27_2024_COSC1436\August27_2024_COSC1436.vcxproj", "{C44BADC6-6536-4323-B673-FB70257D8E53}"
EndProject
Project("{8BC9CEB8-8B4A-11D0-8D11-00A0C91BC942}") = "DemoingPrintingUnicodeCharacters", "DemoingPrintingUnicodeCharacters\DemoingPrintingUnicodeCharacters.vcxproj", "{41438167-0789-4CDE-A283-931069B21041}"
EndProject
Project("{8BC9CEB8-8B4A-11D0-8D11-00A0C91BC942}") = "ASCII art demo", "ASCII art demo\ASCII art demo.vcxproj", "{5E10A1A2-828A-42F9-B012-F9B13AB102D9}"
EndProject
Project("{8BC9CEB8-8B4A-11D0-8D11-00A0C91BC942}") = "DemoingSomeSystemCommands", "DemoingSomeSystemCommands\DemoingSomeSystemCommands.vcxproj", "{B8E51E77-7DF3-45AF-87F9-EFC0FAFA8478}"
EndProject
Project("{8BC9CEB8-8B4A-11D0-8D11-00A0C91BC942}") = "Fuel_Lab", "Fuel_Lab\Fuel_Lab.vcxproj", "{4E211ABF-0E54-4C81-BC2C-2B5C6A3A8368}"
EndProject
Global
	GlobalSection(SolutionConfigurationPlatforms) = preSolution
		Debug|x64 = Debug|x64
		Debug|x86 = Debug|x86
		Release|x64 = Release|x64
		Release|x86 = Release|x86
	EndGlobalSection
	GlobalSection(ProjectConfigurationPlatforms) = postSolution
		{C44BADC6-6536-4323-B673-FB70257D8E53}.Debug|x64.ActiveCfg = Debug|x64
		{C44BADC6-6536-4323-B673-FB70257D8E53}.Debug|x64.Build.0 = Debug|x64
		{C44BADC6-6536-4323-B673-FB70257D8E53}.Debug|x86.ActiveCfg = Debug|Win32
		{C44BADC6-6536-4323-B673-FB70257D8E53}.Debug|x86.Build.0 = Debug|Win32
		{C44BADC6-6536-4323-B673-FB70257D8E53}.Release|x64.ActiveCfg = Release|x64
		{C44BADC6-6536-4323-B673-FB70257D8E53}.Release|x64.Build.0 = Release|x64
		{C44BADC6-6536-4323-B673-FB70257D8E53}.Release|x86.ActiveCfg = Release|Win32
		{C44BADC6-6536-4323-B673-FB70257D8E53}.Release|x86.Build.0 = Release|Win32
		{41438167-0789-4CDE-A283-931069B21041}.Debug|x64.ActiveCfg = Debug|x64
		{41438167-0789-4CDE-A283-931069B21041}.Debug|x64.Build.0 = Debug|x64
		{41438167-0789-4CDE-A283-931069B21041}.Debug|x86.ActiveCfg = Debug|Win32
		{41438167-0789-4CDE-A283-931069B21041}.Debug|x86.Build.0 = Debug|Win32
		{41438167-0789-4CDE-A283-931069B21041}.Release|x64.ActiveCfg = Release|x64
		{41438167-0789-4CDE-A283-931069B21041}.Release|x64.Build.0 = Release|x64
		{41438167-0789-4CDE-A283-931069B21041}.Release|x86.ActiveCfg = Release|Win32
		{41438167-0789-4CDE-A283-931069B21041}.Release|x86.Build.0 = Release|Win32
		{5E10A1A2-828A-42F9-B012-F9B13AB102D9}.Debug|x64.ActiveCfg = Debug|x64
		{5E10A1A2-828A-42F9-B012-F9B13AB102D9}.Debug|x64.Build.0 = Debug|x64
		{5E10A1A2-828A-42F9-B012-F9B13AB102D9}.Debug|x86.ActiveCfg = Debug|Win32
		{5E10A1A2-828A-42F9-B012-F9B13AB102D9}.Debug|x86.Build.0 = Debug|Win32
		{5E10A1A2-828A-42F9-B012-F9B13AB102D9}.Release|x64.ActiveCfg = Release|x64
		{5E10A1A2-828A-42F9-B012-F9B13AB102D9}.Release|x64.Build.0 = Release|x64
		{5E10A1A2-828A-42F9-B012-F9B13AB102D9}.Release|x86.ActiveCfg = Release|Win32
		{5E10A1A2-828A-42F9-B012-F9B13AB102D9}.Release|x86.Build.0 = Release|Win32
		{B8E51E77-7DF3-45AF-87F9-EFC0FAFA8478}.Debug|x64.ActiveCfg = Debug|x64
		{B8E51E77-7DF3-45AF-87F9-EFC0FAFA8478}.Debug|x64.Build.0 = Debug|x64
		{B8E51E77-7DF3-45AF-87F9-EFC0FAFA8478}.Debug|x86.ActiveCfg = Debug|Win32
		{B8E51E77-7DF3-45AF-87F9-EFC0FAFA8478}.Debug|x86.Build.0 = Debug|Win32
		{B8E51E77-7DF3-45AF-87F9-EFC0FAFA8478}.Release|x64.ActiveCfg = Release|x64
		{B8E51E77-7DF3-45AF-87F9-EFC0FAFA8478}.Release|x64.Build.0 = Release|x64
		{B8E51E77-7DF3-45AF-87F9-EFC0FAFA8478}.Release|x86.ActiveCfg = Release|Win32
		{B8E51E77-7DF3-45AF-87F9-EFC0FAFA8478}.Release|x86.Build.0 = Release|Win32
		{4E211ABF-0E54-4C81-BC2C-2B5C6A3A8368}.Debug|x64.ActiveCfg = Debug|x64
		{4E211ABF-0E54-4C81-BC2C-2B5C6A3A8368}.Debug|x64.Build.0 = Debug|x64
		{4E211ABF-0E54-4C81-BC2C-2B5C6A3A8368}.Debug|x86.ActiveCfg = Debug|Win32
		{4E211ABF-0E54-4C81-BC2C-2B5C6A3A8368}.Debug|x86.Build.0 = Debug|Win32
		{4E211ABF-0E54-4C81-BC2C-2B5C6A3A8368}.Release|x64.ActiveCfg = Release|x64
		{4E211ABF-0E54-4C81-BC2C-2B5C6A3A8368}.Release|x64.Build.0 = Release|x64
		{4E211ABF-0E54-4C81-BC2C-2B5C6A3A8368}.Release|x86.ActiveCfg = Release|Win32
		{4E211ABF-0E54-4C81-BC2C-2B5C6A3A8368}.Release|x86.Build.0 = Release|Win32
	EndGlobalSection
	GlobalSection(SolutionProperties) = preSolution
		HideSolutionNode = FALSE
	EndGlobalSection
	GlobalSection(ExtensibilityGlobals) = postSolution
		SolutionGuid = {CB8861E7-D3E6-408A-8F17-F02F389593CE}
	EndGlobalSection
EndGlobal
